// !$*UTF8*$!
{
	archiveVersion = 1;
	classes = {
	};
	objectVersion = 46;
	objects = {

/* Begin PBXBuildFile section */
		5ED096611DF8157000863F9F /* AppDelegate.swift in Sources */ = {isa = PBXBuildFile; fileRef = 5ED096601DF8157000863F9F /* AppDelegate.swift */; };
		5ED096661DF8157000863F9F /* Main.storyboard in Resources */ = {isa = PBXBuildFile; fileRef = 5ED096641DF8157000863F9F /* Main.storyboard */; };
		5ED096691DF8157000863F9F /* Project2.xcdatamodeld in Sources */ = {isa = PBXBuildFile; fileRef = 5ED096671DF8157000863F9F /* Project2.xcdatamodeld */; };
		5ED0966B1DF8157000863F9F /* Assets.xcassets in Resources */ = {isa = PBXBuildFile; fileRef = 5ED0966A1DF8157000863F9F /* Assets.xcassets */; };
		5ED0966E1DF8157000863F9F /* LaunchScreen.storyboard in Resources */ = {isa = PBXBuildFile; fileRef = 5ED0966C1DF8157000863F9F /* LaunchScreen.storyboard */; };
		5ED096771DF815A900863F9F /* FontViewController.swift in Sources */ = {isa = PBXBuildFile; fileRef = 5ED096761DF815A900863F9F /* FontViewController.swift */; };
		5ED096791DF8165900863F9F /* MyModel.swift in Sources */ = {isa = PBXBuildFile; fileRef = 5ED096781DF8165900863F9F /* MyModel.swift */; };
		5ED0967F1DF82F2E00863F9F /* Gaspar Regular.otf in Resources */ = {isa = PBXBuildFile; fileRef = 5ED0967A1DF8175400863F9F /* Gaspar Regular.otf */; };
		5ED096801DF82F2E00863F9F /* MFJinHei_Noncommercial-Regular.ttf in Resources */ = {isa = PBXBuildFile; fileRef = 5ED0967B1DF8175400863F9F /* MFJinHei_Noncommercial-Regular.ttf */; };
		5ED096811DF82F2E00863F9F /* MFTongXin_Noncommercial-Regular.ttf in Resources */ = {isa = PBXBuildFile; fileRef = 5ED0967C1DF8175400863F9F /* MFTongXin_Noncommercial-Regular.ttf */; };
		5ED096821DF82F2E00863F9F /* MFZhiHei_Noncommercial-Regular.ttf in Resources */ = {isa = PBXBuildFile; fileRef = 5ED0967D1DF8175400863F9F /* MFZhiHei_Noncommercial-Regular.ttf */; };
/* End PBXBuildFile section */

/* Begin PBXFileReference section */
		5ED0965D1DF8157000863F9F /* Project2.app */ = {isa = PBXFileReference; explicitFileType = wrapper.application; includeInIndex = 0; path = Project2.app; sourceTree = BUILT_PRODUCTS_DIR; };
		5ED096601DF8157000863F9F /* AppDelegate.swift */ = {isa = PBXFileReference; lastKnownFileType = sourcecode.swift; path = AppDelegate.swift; sourceTree = "<group>"; };
		5ED096651DF8157000863F9F /* Base */ = {isa = PBXFileReference; lastKnownFileType = file.storyboard; name = Base; path = Base.lproj/Main.storyboard; sourceTree = "<group>"; };
		5ED096681DF8157000863F9F /* Project2.xcdatamodel */ = {isa = PBXFileReference; lastKnownFileType = wrapper.xcdatamodel; path = Project2.xcdatamodel; sourceTree = "<group>"; };
		5ED0966A1DF8157000863F9F /* Assets.xcassets */ = {isa = PBXFileReference; lastKnownFileType = folder.assetcatalog; path = Assets.xcassets; sourceTree = "<group>"; };
		5ED0966D1DF8157000863F9F /* Base */ = {isa = PBXFileReference; lastKnownFileType = file.storyboard; name = Base; path = Base.lproj/LaunchScreen.storyboard; sourceTree = "<group>"; };
		5ED0966F1DF8157000863F9F /* Info.plist */ = {isa = PBXFileReference; lastKnownFileType = text.plist.xml; path = Info.plist; sourceTree = "<group>"; };
		5ED096761DF815A900863F9F /* FontViewController.swift */ = {isa = PBXFileReference; fileEncoding = 4; lastKnownFileType = sourcecode.swift; path = FontViewController.swift; sourceTree = "<group>"; };
		5ED096781DF8165900863F9F /* MyModel.swift */ = {isa = PBXFileReference; fileEncoding = 4; lastKnownFileType = sourcecode.swift; path = MyModel.swift; sourceTree = "<group>"; };
		5ED0967A1DF8175400863F9F /* Gaspar Regular.otf */ = {isa = PBXFileReference; lastKnownFileType = file; path = "Gaspar Regular.otf"; sourceTree = "<group>"; };
		5ED0967B1DF8175400863F9F /* MFJinHei_Noncommercial-Regular.ttf */ = {isa = PBXFileReference; lastKnownFileType = file; path = "MFJinHei_Noncommercial-Regular.ttf"; sourceTree = "<group>"; };
		5ED0967C1DF8175400863F9F /* MFTongXin_Noncommercial-Regular.ttf */ = {isa = PBXFileReference; lastKnownFileType = file; path = "MFTongXin_Noncommercial-Regular.ttf"; sourceTree = "<group>"; };
		5ED0967D1DF8175400863F9F /* MFZhiHei_Noncommercial-Regular.ttf */ = {isa = PBXFileReference; lastKnownFileType = file; path = "MFZhiHei_Noncommercial-Regular.ttf"; sourceTree = "<group>"; };
/* End PBXFileReference section */

/* Begin PBXFrameworksBuildPhase section */
		5ED0965A1DF8157000863F9F /* Frameworks */ = {
			isa = PBXFrameworksBuildPhase;
			buildActionMask = 2147483647;
			files = (
			);
			runOnlyForDeploymentPostprocessing = 0;
		};
/* End PBXFrameworksBuildPhase section */

/* Begin PBXGroup section */
		5ED096541DF8157000863F9F = {
			isa = PBXGroup;
			children = (
				5ED0965F1DF8157000863F9F /* Project2 */,
				5ED0965E1DF8157000863F9F /* Products */,
			);
			sourceTree = "<group>";
		};
		5ED0965E1DF8157000863F9F /* Products */ = {
			isa = PBXGroup;
			children = (
				5ED0965D1DF8157000863F9F /* Project2.app */,
			);
			name = Products;
			sourceTree = "<group>";
		};
		5ED0965F1DF8157000863F9F /* Project2 */ = {
			isa = PBXGroup;
			children = (
				5ED0967E1DF8176100863F9F /* Font */,
				5ED096751DF8158800863F9F /* Supportting Files */,
				5ED096761DF815A900863F9F /* FontViewController.swift */,
				5ED096781DF8165900863F9F /* MyModel.swift */,
				5ED096641DF8157000863F9F /* Main.storyboard */,
			);
			path = Project2;
			sourceTree = "<group>";
		};
		5ED096751DF8158800863F9F /* Supportting Files */ = {
			isa = PBXGroup;
			children = (
				5ED096601DF8157000863F9F /* AppDelegate.swift */,
				5ED0966A1DF8157000863F9F /* Assets.xcassets */,
				5ED0966C1DF8157000863F9F /* LaunchScreen.storyboard */,
				5ED0966F1DF8157000863F9F /* Info.plist */,
				5ED096671DF8157000863F9F /* Project2.xcdatamodeld */,
			);
			name = "Supportting Files";
			sourceTree = "<group>";
		};
		5ED0967E1DF8176100863F9F /* Font */ = {
			isa = PBXGroup;
			children = (
				5ED0967A1DF8175400863F9F /* Gaspar Regular.otf */,
				5ED0967B1DF8175400863F9F /* MFJinHei_Noncommercial-Regular.ttf */,
				5ED0967C1DF8175400863F9F /* MFTongXin_Noncommercial-Regular.ttf */,
				5ED0967D1DF8175400863F9F /* MFZhiHei_Noncommercial-Regular.ttf */,
			);
			name = Font;
			sourceTree = "<group>";
		};
/* End PBXGroup section */

/* Begin PBXNativeTarget section */
		5ED0965C1DF8157000863F9F /* Project2 */ = {
			isa = PBXNativeTarget;
			buildConfigurationList = 5ED096721DF8157000863F9F /* Build configuration list for PBXNativeTarget "Project2" */;
			buildPhases = (
				5ED096591DF8157000863F9F /* Sources */,
				5ED0965A1DF8157000863F9F /* Frameworks */,
				5ED0965B1DF8157000863F9F /* Resources */,
			);
			buildRules = (
			);
			dependencies = (
			);
			name = Project2;
			productName = Project2;
			productReference = 5ED0965D1DF8157000863F9F /* Project2.app */;
			productType = "com.apple.product-type.application";
		};
/* End PBXNativeTarget section */

/* Begin PBXProject section */
		5ED096551DF8157000863F9F /* Project object */ = {
			isa = PBXProject;
			attributes = {
				LastSwiftUpdateCheck = 0810;
				LastUpgradeCheck = 0810;
				ORGANIZATIONNAME = "An Ji";
				TargetAttributes = {
					5ED0965C1DF8157000863F9F = {
						CreatedOnToolsVersion = 8.1;
						DevelopmentTeam = 34B48723E4;
						ProvisioningStyle = Automatic;
					};
				};
			};
			buildConfigurationList = 5ED096581DF8157000863F9F /* Build configuration list for PBXProject "Project2" */;
			compatibilityVersion = "Xcode 3.2";
			developmentRegion = English;
			hasScannedForEncodings = 0;
			knownRegions = (
				en,
				Base,
			);
			mainGroup = 5ED096541DF8157000863F9F;
			productRefGroup = 5ED0965E1DF8157000863F9F /* Products */;
			projectDirPath = "";
			projectRoot = "";
			targets = (
				5ED0965C1DF8157000863F9F /* Project2 */,
			);
		};
/* End PBXProject section */

/* Begin PBXResourcesBuildPhase section */
		5ED0965B1DF8157000863F9F /* Resources */ = {
			isa = PBXResourcesBuildPhase;
			buildActionMask = 2147483647;
			files = (
				5ED0967F1DF82F2E00863F9F /* Gaspar Regular.otf in Resources */,
				5ED096801DF82F2E00863F9F /* MFJinHei_Noncommercial-Regular.ttf in Resources */,
				5ED096811DF82F2E00863F9F /* MFTongXin_Noncommercial-Regular.ttf in Resources */,
				5ED096821DF82F2E00863F9F /* MFZhiHei_Noncommercial-Regular.ttf in Resources */,
				5ED0966E1DF8157000863F9F /* LaunchScreen.storyboard in Resources */,
				5ED0966B1DF8157000863F9F /* Assets.xcassets in Resources */,
				5ED096661DF8157000863F9F /* Main.storyboard in Resources */,
			);
			runOnlyForDeploymentPostprocessing = 0;
		};
/* End PBXResourcesBuildPhase section */

/* Begin PBXSourcesBuildPhase section */
		5ED096591DF8157000863F9F /* Sources */ = {
			isa = PBXSourcesBuildPhase;
			buildActionMask = 2147483647;
			files = (
				5ED096771DF815A900863F9F /* FontViewController.swift in Sources */,
				5ED096611DF8157000863F9F /* AppDelegate.swift in Sources */,
				5ED096691DF8157000863F9F /* Project2.xcdatamodeld in Sources */,
				5ED096791DF8165900863F9F /* MyModel.swift in Sources */,
			);
			runOnlyForDeploymentPostprocessing = 0;
		};
/* End PBXSourcesBuildPhase section */

/* Begin PBXVariantGroup section */
		5ED096641DF8157000863F9F /* Main.storyboard */ = {
			isa = PBXVariantGroup;
			children = (
				5ED096651DF8157000863F9F /* Base */,
			);
			name = Main.storyboard;
			sourceTree = "<group>";
		};
		5ED0966C1DF8157000863F9F /* LaunchScreen.storyboard */ = {
			isa = PBXVariantGroup;
			children = (
				5ED0966D1DF8157000863F9F /* Base */,
			);
			name = LaunchScreen.storyboard;
			sourceTree = "<group>";
		};
/* End PBXVariantGroup section */

/* Begin XCBuildConfiguration section */
		5ED096701DF8157000863F9F /* Debug */ = {
			isa = XCBuildConfiguration;
			buildSettings = {
				ALWAYS_SEARCH_USER_PATHS = NO;
				CLANG_ANALYZER_NONNULL = YES;
				CLANG_CXX_LANGUAGE_STANDARD = "gnu++0x";
				CLANG_CXX_LIBRARY = "libc++";
				CLANG_ENABLE_MODULES = YES;
				CLANG_ENABLE_OBJC_ARC = YES;
				CLANG_WARN_BOOL_CONVERSION = YES;
				CLANG_WARN_CONSTANT_CONVERSION = YES;
				CLANG_WARN_DIRECT_OBJC_ISA_USAGE = YES_ERROR;
				CLANG_WARN_DOCUMENTATION_COMMENTS = YES;
				CLANG_WARN_EMPTY_BODY = YES;
				CLANG_WARN_ENUM_CONVERSION = YES;
				CLANG_WARN_INFINITE_RECURSION = YES;
				CLANG_WARN_INT_CONVERSION = YES;
				CLANG_WARN_OBJC_ROOT_CLASS = YES_ERROR;
				CLANG_WARN_SUSPICIOUS_MOVES = YES;
				CLANG_WARN_UNREACHABLE_CODE = YES;
				CLANG_WARN__DUPLICATE_METHOD_MATCH = YES;
				"CODE_SIGN_IDENTITY[sdk=iphoneos*]" = "iPhone Developer";
				COPY_PHASE_STRIP = NO;
				DEBUG_INFORMATION_FORMAT = dwarf;
				ENABLE_STRICT_OBJC_MSGSEND = YES;
				ENABLE_TESTABILITY = YES;
				GCC_C_LANGUAGE_STANDARD = gnu99;
				GCC_DYNAMIC_NO_PIC = NO;
				GCC_NO_COMMON_BLOCKS = YES;
				GCC_OPTIMIZATION_LEVEL = 0;
				GCC_PREPROCESSOR_DEFINITIONS = (
					"DEBUG=1",
					"$(inherited)",
				);
				GCC_WARN_64_TO_32_BIT_CONVERSION = YES;
				GCC_WARN_ABOUT_RETURN_TYPE = YES_ERROR;
				GCC_WARN_UNDECLARED_SELECTOR = YES;
				GCC_WARN_UNINITIALIZED_AUTOS = YES_AGGRESSIVE;
				GCC_WARN_UNUSED_FUNCTION = YES;
				GCC_WARN_UNUSED_VARIABLE = YES;
				IPHONEOS_DEPLOYMENT_TARGET = 10.1;
				MTL_ENABLE_DEBUG_INFO = YES;
				ONLY_ACTIVE_ARCH = YES;
				SDKROOT = iphoneos;
				SWIFT_ACTIVE_COMPILATION_CONDITIONS = DEBUG;
				SWIFT_OPTIMIZATION_LEVEL = "-Onone";
			};
			name = Debug;
		};
		5ED096711DF8157000863F9F /* Release */ = {
			isa = XCBuildConfiguration;
			buildSettings = {
				ALWAYS_SEARCH_USER_PATHS = NO;
				CLANG_ANALYZER_NONNULL = YES;
				CLANG_CXX_LANGUAGE_STANDARD = "gnu++0x";
				CLANG_CXX_LIBRARY = "libc++";
				CLANG_ENABLE_MODULES = YES;
				CLANG_ENABLE_OBJC_ARC = YES;
				CLANG_WARN_BOOL_CONVERSION = YES;
				CLANG_WARN_CONSTANT_CONVERSION = YES;
				CLANG_WARN_DIRECT_OBJC_ISA_USAGE = YES_ERROR;
				CLANG_WARN_DOCUMENTATION_COMMENTS = YES;
				CLANG_WARN_EMPTY_BODY = YES;
				CLANG_WARN_ENUM_CONVERSION = YES;
				CLANG_WARN_INFINITE_RECURSION = YES;
				CLANG_WARN_INT_CONVERSION = YES;
				CLANG_WARN_OBJC_ROOT_CLASS = YES_ERROR;
				CLANG_WARN_SUSPICIOUS_MOVES = YES;
				CLANG_WARN_UNREACHABLE_CODE = YES;
				CLANG_WARN__DUPLICATE_METHOD_MATCH = YES;
				"CODE_SIGN_IDENTITY[sdk=iphoneos*]" = "iPhone Developer";
				COPY_PHASE_STRIP = NO;
				DEBUG_INFORMATION_FORMAT = "dwarf-with-dsym";
				ENABLE_NS_ASSERTIONS = NO;
				ENABLE_STRICT_OBJC_MSGSEND = YES;
				GCC_C_LANGUAGE_STANDARD = gnu99;
				GCC_NO_COMMON_BLOCKS = YES;
				GCC_WARN_64_TO_32_BIT_CONVERSION = YES;
				GCC_WARN_ABOUT_RETURN_TYPE = YES_ERROR;
				GCC_WARN_UNDECLARED_SELECTOR = YES;
				GCC_WARN_UNINITIALIZED_AUTOS = YES_AGGRESSIVE;
				GCC_WARN_UNUSED_FUNCTION = YES;
				GCC_WARN_UNUSED_VARIABLE = YES;
				IPHONEOS_DEPLOYMENT_TARGET = 10.1;
				MTL_ENABLE_DEBUG_INFO = NO;
				SDKROOT = iphoneos;
				SWIFT_OPTIMIZATION_LEVEL = "-Owholemodule";
				VALIDATE_PRODUCT = YES;
			};
			name = Release;
		};
		5ED096731DF8157000863F9F /* Debug */ = {
			isa = XCBuildConfiguration;
			buildSettings = {
				ASSETCATALOG_COMPILER_APPICON_NAME = AppIcon;
				DEVELOPMENT_TEAM = 34B48723E4;
				INFOPLIST_FILE = Project2/Info.plist;
				LD_RUNPATH_SEARCH_PATHS = "$(inherited) @executable_path/Frameworks";
				PRODUCT_BUNDLE_IDENTIFIER = com.prodigy.Project2;
				PRODUCT_NAME = "$(TARGET_NAME)";
				SWIFT_VERSION = 3.0;
			};
			name = Debug;
		};
		5ED096741DF8157000863F9F /* Release */ = {
			isa = XCBuildConfiguration;
			buildSettings = {
				ASSETCATALOG_COMPILER_APPICON_NAME = AppIcon;
				DEVELOPMENT_TEAM = 34B48723E4;
				INFOPLIST_FILE = Project2/Info.plist;
				LD_RUNPATH_SEARCH_PATHS = "$(inherited) @executable_path/Frameworks";
				PRODUCT_BUNDLE_IDENTIFIER = com.prodigy.Project2;
				PRODUCT_NAME = "$(TARGET_NAME)";
				SWIFT_VERSION = 3.0;
			};
			name = Release;
		};
/* End XCBuildConfiguration section */

/* Begin XCConfigurationList section */
		5ED096581DF8157000863F9F /* Build configuration list for PBXProject "Project2" */ = {
			isa = XCConfigurationList;
			buildConfigurations = (
				5ED096701DF8157000863F9F /* Debug */,
				5ED096711DF8157000863F9F /* Release */,
			);
			defaultConfigurationIsVisible = 0;
			defaultConfigurationName = Release;
		};
		5ED096721DF8157000863F9F /* Build configuration list for PBXNativeTarget "Project2" */ = {
			isa = XCConfigurationList;
			buildConfigurations = (
				5ED096731DF8157000863F9F /* Debug */,
				5ED096741DF8157000863F9F /* Release */,
			);
			defaultConfigurationIsVisible = 0;
		};
/* End XCConfigurationList section */

/* Begin XCVersionGroup section */
		5ED096671DF8157000863F9F /* Project2.xcdatamodeld */ = {
			isa = XCVersionGroup;
			children = (
				5ED096681DF8157000863F9F /* Project2.xcdatamodel */,
			);
			currentVersion = 5ED096681DF8157000863F9F /* Project2.xcdatamodel */;
			path = Project2.xcdatamodeld;
			sourceTree = "<group>";
			versionGroupType = wrapper.xcdatamodel;
		};
/* End XCVersionGroup section */
	};
	rootObject = 5ED096551DF8157000863F9F /* Project object */;
}
