// !$*UTF8*$!
{
	archiveVersion = 1;
	classes = {
	};
	objectVersion = 46;
	objects = {

/* Begin PBXBuildFile section */
		5ED0963C1DF7CEE100863F9F /* AppDelegate.swift in Sources */ = {isa = PBXBuildFile; fileRef = 5ED0963B1DF7CEE100863F9F /* AppDelegate.swift */; };
		5ED0963E1DF7CEE100863F9F /* ViewController.swift in Sources */ = {isa = PBXBuildFile; fileRef = 5ED0963D1DF7CEE100863F9F /* ViewController.swift */; };
		5ED096411DF7CEE100863F9F /* Main.storyboard in Resources */ = {isa = PBXBuildFile; fileRef = 5ED0963F1DF7CEE100863F9F /* Main.storyboard */; };
		5ED096441DF7CEE100863F9F /* Project1.xcdatamodeld in Sources */ = {isa = PBXBuildFile; fileRef = 5ED096421DF7CEE100863F9F /* Project1.xcdatamodeld */; };
		5ED096461DF7CEE100863F9F /* Assets.xcassets in Resources */ = {isa = PBXBuildFile; fileRef = 5ED096451DF7CEE100863F9F /* Assets.xcassets */; };
		5ED096491DF7CEE100863F9F /* LaunchScreen.storyboard in Resources */ = {isa = PBXBuildFile; fileRef = 5ED096471DF7CEE100863F9F /* LaunchScreen.storyboard */; };
/* End PBXBuildFile section */

/* Begin PBXFileReference section */
		5ED096381DF7CEE100863F9F /* Project1.app */ = {isa = PBXFileReference; explicitFileType = wrapper.application; includeInIndex = 0; path = Project1.app; sourceTree = BUILT_PRODUCTS_DIR; };
		5ED0963B1DF7CEE100863F9F /* AppDelegate.swift */ = {isa = PBXFileReference; lastKnownFileType = sourcecode.swift; path = AppDelegate.swift; sourceTree = "<group>"; };
		5ED0963D1DF7CEE100863F9F /* ViewController.swift */ = {isa = PBXFileReference; lastKnownFileType = sourcecode.swift; path = ViewController.swift; sourceTree = "<group>"; };
		5ED096401DF7CEE100863F9F /* Base */ = {isa = PBXFileReference; lastKnownFileType = file.storyboard; name = Base; path = Base.lproj/Main.storyboard; sourceTree = "<group>"; };
		5ED096431DF7CEE100863F9F /* Project1.xcdatamodel */ = {isa = PBXFileReference; lastKnownFileType = wrapper.xcdatamodel; path = Project1.xcdatamodel; sourceTree = "<group>"; };
		5ED096451DF7CEE100863F9F /* Assets.xcassets */ = {isa = PBXFileReference; lastKnownFileType = folder.assetcatalog; path = Assets.xcassets; sourceTree = "<group>"; };
		5ED096481DF7CEE100863F9F /* Base */ = {isa = PBXFileReference; lastKnownFileType = file.storyboard; name = Base; path = Base.lproj/LaunchScreen.storyboard; sourceTree = "<group>"; };
		5ED0964A1DF7CEE100863F9F /* Info.plist */ = {isa = PBXFileReference; lastKnownFileType = text.plist.xml; path = Info.plist; sourceTree = "<group>"; };
/* End PBXFileReference section */

/* Begin PBXFrameworksBuildPhase section */
		5ED096351DF7CEE100863F9F /* Frameworks */ = {
			isa = PBXFrameworksBuildPhase;
			buildActionMask = 2147483647;
			files = (
			);
			runOnlyForDeploymentPostprocessing = 0;
		};
/* End PBXFrameworksBuildPhase section */

/* Begin PBXGroup section */
		5ED0962F1DF7CEE100863F9F = {
			isa = PBXGroup;
			children = (
				5ED0963A1DF7CEE100863F9F /* Project1 */,
				5ED096391DF7CEE100863F9F /* Products */,
			);
			sourceTree = "<group>";
		};
		5ED096391DF7CEE100863F9F /* Products */ = {
			isa = PBXGroup;
			children = (
				5ED096381DF7CEE100863F9F /* Project1.app */,
			);
			name = Products;
			sourceTree = "<group>";
		};
		5ED0963A1DF7CEE100863F9F /* Project1 */ = {
			isa = PBXGroup;
			children = (
				5ED0963B1DF7CEE100863F9F /* AppDelegate.swift */,
				5ED0963D1DF7CEE100863F9F /* ViewController.swift */,
				5ED0963F1DF7CEE100863F9F /* Main.storyboard */,
				5ED096451DF7CEE100863F9F /* Assets.xcassets */,
				5ED096471DF7CEE100863F9F /* LaunchScreen.storyboard */,
				5ED0964A1DF7CEE100863F9F /* Info.plist */,
				5ED096421DF7CEE100863F9F /* Project1.xcdatamodeld */,
			);
			path = Project1;
			sourceTree = "<group>";
		};
/* End PBXGroup section */

/* Begin PBXNativeTarget section */
		5ED096371DF7CEE100863F9F /* Project1 */ = {
			isa = PBXNativeTarget;
			buildConfigurationList = 5ED0964D1DF7CEE100863F9F /* Build configuration list for PBXNativeTarget "Project1" */;
			buildPhases = (
				5ED096341DF7CEE100863F9F /* Sources */,
				5ED096351DF7CEE100863F9F /* Frameworks */,
				5ED096361DF7CEE100863F9F /* Resources */,
			);
			buildRules = (
			);
			dependencies = (
			);
			name = Project1;
			productName = Project1;
			productReference = 5ED096381DF7CEE100863F9F /* Project1.app */;
			productType = "com.apple.product-type.application";
		};
/* End PBXNativeTarget section */

/* Begin PBXProject section */
		5ED096301DF7CEE100863F9F /* Project object */ = {
			isa = PBXProject;
			attributes = {
				LastSwiftUpdateCheck = 0810;
				LastUpgradeCheck = 0810;
				ORGANIZATIONNAME = "An Ji";
				TargetAttributes = {
					5ED096371DF7CEE100863F9F = {
						CreatedOnToolsVersion = 8.1;
						DevelopmentTeam = 34B48723E4;
						ProvisioningStyle = Automatic;
					};
				};
			};
			buildConfigurationList = 5ED096331DF7CEE100863F9F /* Build configuration list for PBXProject "Project1" */;
			compatibilityVersion = "Xcode 3.2";
			developmentRegion = English;
			hasScannedForEncodings = 0;
			knownRegions = (
				en,
				Base,
			);
			mainGroup = 5ED0962F1DF7CEE100863F9F;
			productRefGroup = 5ED096391DF7CEE100863F9F /* Products */;
			projectDirPath = "";
			projectRoot = "";
			targets = (
				5ED096371DF7CEE100863F9F /* Project1 */,
			);
		};
/* End PBXProject section */

/* Begin PBXResourcesBuildPhase section */
		5ED096361DF7CEE100863F9F /* Resources */ = {
			isa = PBXResourcesBuildPhase;
			buildActionMask = 2147483647;
			files = (
				5ED096491DF7CEE100863F9F /* LaunchScreen.storyboard in Resources */,
				5ED096461DF7CEE100863F9F /* Assets.xcassets in Resources */,
				5ED096411DF7CEE100863F9F /* Main.storyboard in Resources */,
			);
			runOnlyForDeploymentPostprocessing = 0;
		};
/* End PBXResourcesBuildPhase section */

/* Begin PBXSourcesBuildPhase section */
		5ED096341DF7CEE100863F9F /* Sources */ = {
			isa = PBXSourcesBuildPhase;
			buildActionMask = 2147483647;
			files = (
				5ED0963E1DF7CEE100863F9F /* ViewController.swift in Sources */,
				5ED096441DF7CEE100863F9F /* Project1.xcdatamodeld in Sources */,
				5ED0963C1DF7CEE100863F9F /* AppDelegate.swift in Sources */,
			);
			runOnlyForDeploymentPostprocessing = 0;
		};
/* End PBXSourcesBuildPhase section */

/* Begin PBXVariantGroup section */
		5ED0963F1DF7CEE100863F9F /* Main.storyboard */ = {
			isa = PBXVariantGroup;
			children = (
				5ED096401DF7CEE100863F9F /* Base */,
			);
			name = Main.storyboard;
			sourceTree = "<group>";
		};
		5ED096471DF7CEE100863F9F /* LaunchScreen.storyboard */ = {
			isa = PBXVariantGroup;
			children = (
				5ED096481DF7CEE100863F9F /* Base */,
			);
			name = LaunchScreen.storyboard;
			sourceTree = "<group>";
		};
/* End PBXVariantGroup section */

/* Begin XCBuildConfiguration section */
		5ED0964B1DF7CEE100863F9F /* Debug */ = {
			isa = XCBuildConfiguration;
			buildSettings = {
				ALWAYS_SEARCH_USER_PATHS = NO;
				CLANG_ANALYZER_NONNULL = YES;
				CLANG_CXX_LANGUAGE_STANDARD = "gnu++0x";
				CLANG_CXX_LIBRARY = "libc++";
				CLANG_ENABLE_MODULES = YES;
				CLANG_ENABLE_OBJC_ARC = YES;
				CLANG_WARN_BOOL_CONVERSION = YES;
				CLANG_WARN_CONSTANT_CONVERSION = YES;
				CLANG_WARN_DIRECT_OBJC_ISA_USAGE = YES_ERROR;
				CLANG_WARN_DOCUMENTATION_COMMENTS = YES;
				CLANG_WARN_EMPTY_BODY = YES;
				CLANG_WARN_ENUM_CONVERSION = YES;
				CLANG_WARN_INFINITE_RECURSION = YES;
				CLANG_WARN_INT_CONVERSION = YES;
				CLANG_WARN_OBJC_ROOT_CLASS = YES_ERROR;
				CLANG_WARN_SUSPICIOUS_MOVES = YES;
				CLANG_WARN_UNREACHABLE_CODE = YES;
				CLANG_WARN__DUPLICATE_METHOD_MATCH = YES;
				"CODE_SIGN_IDENTITY[sdk=iphoneos*]" = "iPhone Developer";
				COPY_PHASE_STRIP = NO;
				DEBUG_INFORMATION_FORMAT = dwarf;
				ENABLE_STRICT_OBJC_MSGSEND = YES;
				ENABLE_TESTABILITY = YES;
				GCC_C_LANGUAGE_STANDARD = gnu99;
				GCC_DYNAMIC_NO_PIC = NO;
				GCC_NO_COMMON_BLOCKS = YES;
				GCC_OPTIMIZATION_LEVEL = 0;
				GCC_PREPROCESSOR_DEFINITIONS = (
					"DEBUG=1",
					"$(inherited)",
				);
				GCC_WARN_64_TO_32_BIT_CONVERSION = YES;
				GCC_WARN_ABOUT_RETURN_TYPE = YES_ERROR;
				GCC_WARN_UNDECLARED_SELECTOR = YES;
				GCC_WARN_UNINITIALIZED_AUTOS = YES_AGGRESSIVE;
				GCC_WARN_UNUSED_FUNCTION = YES;
				GCC_WARN_UNUSED_VARIABLE = YES;
				IPHONEOS_DEPLOYMENT_TARGET = 10.1;
				MTL_ENABLE_DEBUG_INFO = YES;
				ONLY_ACTIVE_ARCH = YES;
				SDKROOT = iphoneos;
				SWIFT_ACTIVE_COMPILATION_CONDITIONS = DEBUG;
				SWIFT_OPTIMIZATION_LEVEL = "-Onone";
			};
			name = Debug;
		};
		5ED0964C1DF7CEE100863F9F /* Release */ = {
			isa = XCBuildConfiguration;
			buildSettings = {
				ALWAYS_SEARCH_USER_PATHS = NO;
				CLANG_ANALYZER_NONNULL = YES;
				CLANG_CXX_LANGUAGE_STANDARD = "gnu++0x";
				CLANG_CXX_LIBRARY = "libc++";
				CLANG_ENABLE_MODULES = YES;
				CLANG_ENABLE_OBJC_ARC = YES;
				CLANG_WARN_BOOL_CONVERSION = YES;
				CLANG_WARN_CONSTANT_CONVERSION = YES;
				CLANG_WARN_DIRECT_OBJC_ISA_USAGE = YES_ERROR;
				CLANG_WARN_DOCUMENTATION_COMMENTS = YES;
				CLANG_WARN_EMPTY_BODY = YES;
				CLANG_WARN_ENUM_CONVERSION = YES;
				CLANG_WARN_INFINITE_RECURSION = YES;
				CLANG_WARN_INT_CONVERSION = YES;
				CLANG_WARN_OBJC_ROOT_CLASS = YES_ERROR;
				CLANG_WARN_SUSPICIOUS_MOVES = YES;
				CLANG_WARN_UNREACHABLE_CODE = YES;
				CLANG_WARN__DUPLICATE_METHOD_MATCH = YES;
				"CODE_SIGN_IDENTITY[sdk=iphoneos*]" = "iPhone Developer";
				COPY_PHASE_STRIP = NO;
				DEBUG_INFORMATION_FORMAT = "dwarf-with-dsym";
				ENABLE_NS_ASSERTIONS = NO;
				ENABLE_STRICT_OBJC_MSGSEND = YES;
				GCC_C_LANGUAGE_STANDARD = gnu99;
				GCC_NO_COMMON_BLOCKS = YES;
				GCC_WARN_64_TO_32_BIT_CONVERSION = YES;
				GCC_WARN_ABOUT_RETURN_TYPE = YES_ERROR;
				GCC_WARN_UNDECLARED_SELECTOR = YES;
				GCC_WARN_UNINITIALIZED_AUTOS = YES_AGGRESSIVE;
				GCC_WARN_UNUSED_FUNCTION = YES;
				GCC_WARN_UNUSED_VARIABLE = YES;
				IPHONEOS_DEPLOYMENT_TARGET = 10.1;
				MTL_ENABLE_DEBUG_INFO = NO;
				SDKROOT = iphoneos;
				SWIFT_OPTIMIZATION_LEVEL = "-Owholemodule";
				VALIDATE_PRODUCT = YES;
			};
			name = Release;
		};
		5ED0964E1DF7CEE100863F9F /* Debug */ = {
			isa = XCBuildConfiguration;
			buildSettings = {
				ASSETCATALOG_COMPILER_APPICON_NAME = AppIcon;
				DEVELOPMENT_TEAM = 34B48723E4;
				INFOPLIST_FILE = Project1/Info.plist;
				LD_RUNPATH_SEARCH_PATHS = "$(inherited) @executable_path/Frameworks";
				PRODUCT_BUNDLE_IDENTIFIER = com.prodigy.Project1;
				PRODUCT_NAME = "$(TARGET_NAME)";
				SWIFT_VERSION = 3.0;
			};
			name = Debug;
		};
		5ED0964F1DF7CEE100863F9F /* Release */ = {
			isa = XCBuildConfiguration;
			buildSettings = {
				ASSETCATALOG_COMPILER_APPICON_NAME = AppIcon;
				DEVELOPMENT_TEAM = 34B48723E4;
				INFOPLIST_FILE = Project1/Info.plist;
				LD_RUNPATH_SEARCH_PATHS = "$(inherited) @executable_path/Frameworks";
				PRODUCT_BUNDLE_IDENTIFIER = com.prodigy.Project1;
				PRODUCT_NAME = "$(TARGET_NAME)";
				SWIFT_VERSION = 3.0;
			};
			name = Release;
		};
/* End XCBuildConfiguration section */

/* Begin XCConfigurationList section */
		5ED096331DF7CEE100863F9F /* Build configuration list for PBXProject "Project1" */ = {
			isa = XCConfigurationList;
			buildConfigurations = (
				5ED0964B1DF7CEE100863F9F /* Debug */,
				5ED0964C1DF7CEE100863F9F /* Release */,
			);
			defaultConfigurationIsVisible = 0;
			defaultConfigurationName = Release;
		};
		5ED0964D1DF7CEE100863F9F /* Build configuration list for PBXNativeTarget "Project1" */ = {
			isa = XCConfigurationList;
			buildConfigurations = (
				5ED0964E1DF7CEE100863F9F /* Debug */,
				5ED0964F1DF7CEE100863F9F /* Release */,
			);
			defaultConfigurationIsVisible = 0;
		};
/* End XCConfigurationList section */

/* Begin XCVersionGroup section */
		5ED096421DF7CEE100863F9F /* Project1.xcdatamodeld */ = {
			isa = XCVersionGroup;
			children = (
				5ED096431DF7CEE100863F9F /* Project1.xcdatamodel */,
			);
			currentVersion = 5ED096431DF7CEE100863F9F /* Project1.xcdatamodel */;
			path = Project1.xcdatamodeld;
			sourceTree = "<group>";
			versionGroupType = wrapper.xcdatamodel;
		};
/* End XCVersionGroup section */
	};
	rootObject = 5ED096301DF7CEE100863F9F /* Project object */;
}
